// !$*UTF8*$!
{
	archiveVersion = 1;
	classes = {
	};
	objectVersion = 56;
	objects = {

/* Begin PBXBuildFile section */
		DEEDB7052970628300CB20F3 /* SwiftUITCAUniversityApp.swift in Sources */ = {isa = PBXBuildFile; fileRef = DEEDB7042970628300CB20F3 /* SwiftUITCAUniversityApp.swift */; };
		DEEDB7072970628300CB20F3 /* ContentView.swift in Sources */ = {isa = PBXBuildFile; fileRef = DEEDB7062970628300CB20F3 /* ContentView.swift */; };
		DEEDB7092970628400CB20F3 /* Assets.xcassets in Resources */ = {isa = PBXBuildFile; fileRef = DEEDB7082970628400CB20F3 /* Assets.xcassets */; };
		DEEDB70C2970628400CB20F3 /* Preview Assets.xcassets in Resources */ = {isa = PBXBuildFile; fileRef = DEEDB70B2970628400CB20F3 /* Preview Assets.xcassets */; };
		DEEDB719297062F700CB20F3 /* Palette.swift in Sources */ = {isa = PBXBuildFile; fileRef = DEEDB714297062F700CB20F3 /* Palette.swift */; };
		DEEDB71A297062F700CB20F3 /* User.swift in Sources */ = {isa = PBXBuildFile; fileRef = DEEDB715297062F700CB20F3 /* User.swift */; };
		DEEDB71B297062F700CB20F3 /* Book.swift in Sources */ = {isa = PBXBuildFile; fileRef = DEEDB716297062F700CB20F3 /* Book.swift */; };
		DEEDB71C297062F700CB20F3 /* LoremPicsumImage.swift in Sources */ = {isa = PBXBuildFile; fileRef = DEEDB717297062F700CB20F3 /* LoremPicsumImage.swift */; };
		DEEDB71D297062F700CB20F3 /* News.swift in Sources */ = {isa = PBXBuildFile; fileRef = DEEDB718297062F700CB20F3 /* News.swift */; };
		DEEDB7392970707800CB20F3 /* String.swift in Sources */ = {isa = PBXBuildFile; fileRef = DEEDB7382970707800CB20F3 /* String.swift */; };
		DEEDB7592970708F00CB20F3 /* PaletteServiceImplementation.swift in Sources */ = {isa = PBXBuildFile; fileRef = DEEDB7452970708F00CB20F3 /* PaletteServiceImplementation.swift */; };
		DEEDB75A2970708F00CB20F3 /* PaletteService.swift in Sources */ = {isa = PBXBuildFile; fileRef = DEEDB7462970708F00CB20F3 /* PaletteService.swift */; };
		DEEDB75B2970708F00CB20F3 /* ImageService.swift in Sources */ = {isa = PBXBuildFile; fileRef = DEEDB7482970708F00CB20F3 /* ImageService.swift */; };
		DEEDB75C2970708F00CB20F3 /* ImageServiceImplementation.swift in Sources */ = {isa = PBXBuildFile; fileRef = DEEDB7492970708F00CB20F3 /* ImageServiceImplementation.swift */; };
		DEEDB75D2970708F00CB20F3 /* BookService.swift in Sources */ = {isa = PBXBuildFile; fileRef = DEEDB74B2970708F00CB20F3 /* BookService.swift */; };
		DEEDB75E2970708F00CB20F3 /* BookServiceImplementation.swift in Sources */ = {isa = PBXBuildFile; fileRef = DEEDB74C2970708F00CB20F3 /* BookServiceImplementation.swift */; };
		DEEDB75F2970708F00CB20F3 /* ScrambleService.swift in Sources */ = {isa = PBXBuildFile; fileRef = DEEDB74E2970708F00CB20F3 /* ScrambleService.swift */; };
		DEEDB7602970708F00CB20F3 /* ScrambleServiceImplementation.swift in Sources */ = {isa = PBXBuildFile; fileRef = DEEDB74F2970708F00CB20F3 /* ScrambleServiceImplementation.swift */; };
		DEEDB7612970708F00CB20F3 /* UserService.swift in Sources */ = {isa = PBXBuildFile; fileRef = DEEDB7512970708F00CB20F3 /* UserService.swift */; };
		DEEDB7622970708F00CB20F3 /* UserServiceImplementation.swift in Sources */ = {isa = PBXBuildFile; fileRef = DEEDB7522970708F00CB20F3 /* UserServiceImplementation.swift */; };
		DEEDB7632970708F00CB20F3 /* NewsServiceImplementation.swift in Sources */ = {isa = PBXBuildFile; fileRef = DEEDB7542970708F00CB20F3 /* NewsServiceImplementation.swift */; };
		DEEDB7642970708F00CB20F3 /* NewsService.swift in Sources */ = {isa = PBXBuildFile; fileRef = DEEDB7552970708F00CB20F3 /* NewsService.swift */; };
		DEEDB7652970708F00CB20F3 /* NumberFactService.swift in Sources */ = {isa = PBXBuildFile; fileRef = DEEDB7572970708F00CB20F3 /* NumberFactService.swift */; };
		DEEDB7662970708F00CB20F3 /* NumberFactServiceImplementation.swift in Sources */ = {isa = PBXBuildFile; fileRef = DEEDB7582970708F00CB20F3 /* NumberFactServiceImplementation.swift */; };
		DEEDB7C72970718800CB20F3 /* Unifont.swift in Sources */ = {isa = PBXBuildFile; fileRef = DEEDB7B32970718800CB20F3 /* Unifont.swift */; };
		DEEDB7C82970718800CB20F3 /* CGFloat.swift in Sources */ = {isa = PBXBuildFile; fileRef = DEEDB7B52970718800CB20F3 /* CGFloat.swift */; };
		DEEDB7C92970718800CB20F3 /* Text.swift in Sources */ = {isa = PBXBuildFile; fileRef = DEEDB7B62970718800CB20F3 /* Text.swift */; };
		DEEDB7CA2970718800CB20F3 /* Color.swift in Sources */ = {isa = PBXBuildFile; fileRef = DEEDB7B72970718800CB20F3 /* Color.swift */; };
		DEEDB7CB2970718800CB20F3 /* BlurView.swift in Sources */ = {isa = PBXBuildFile; fileRef = DEEDB7C32970718800CB20F3 /* BlurView.swift */; };
		DEEDB7CC2970718800CB20F3 /* ActivityIndicator.swift in Sources */ = {isa = PBXBuildFile; fileRef = DEEDB7C42970718800CB20F3 /* ActivityIndicator.swift */; };
		DEEDB7CD2970718800CB20F3 /* ProgressRingView.swift in Sources */ = {isa = PBXBuildFile; fileRef = DEEDB7C52970718800CB20F3 /* ProgressRingView.swift */; };
		DEEDB7CE2970718800CB20F3 /* UIViewRepresented.swift in Sources */ = {isa = PBXBuildFile; fileRef = DEEDB7C62970718800CB20F3 /* UIViewRepresented.swift */; };
/* End PBXBuildFile section */

/* Begin PBXFileReference section */
		DEEDB7012970628300CB20F3 /* SwiftUITCAUniversity.app */ = {isa = PBXFileReference; explicitFileType = wrapper.application; includeInIndex = 0; path = SwiftUITCAUniversity.app; sourceTree = BUILT_PRODUCTS_DIR; };
		DEEDB7042970628300CB20F3 /* SwiftUITCAUniversityApp.swift */ = {isa = PBXFileReference; lastKnownFileType = sourcecode.swift; path = SwiftUITCAUniversityApp.swift; sourceTree = "<group>"; };
		DEEDB7062970628300CB20F3 /* ContentView.swift */ = {isa = PBXFileReference; lastKnownFileType = sourcecode.swift; path = ContentView.swift; sourceTree = "<group>"; };
		DEEDB7082970628400CB20F3 /* Assets.xcassets */ = {isa = PBXFileReference; lastKnownFileType = folder.assetcatalog; path = Assets.xcassets; sourceTree = "<group>"; };
		DEEDB70B2970628400CB20F3 /* Preview Assets.xcassets */ = {isa = PBXFileReference; lastKnownFileType = folder.assetcatalog; path = "Preview Assets.xcassets"; sourceTree = "<group>"; };
		DEEDB714297062F700CB20F3 /* Palette.swift */ = {isa = PBXFileReference; fileEncoding = 4; lastKnownFileType = sourcecode.swift; path = Palette.swift; sourceTree = "<group>"; };
		DEEDB715297062F700CB20F3 /* User.swift */ = {isa = PBXFileReference; fileEncoding = 4; lastKnownFileType = sourcecode.swift; path = User.swift; sourceTree = "<group>"; };
		DEEDB716297062F700CB20F3 /* Book.swift */ = {isa = PBXFileReference; fileEncoding = 4; lastKnownFileType = sourcecode.swift; path = Book.swift; sourceTree = "<group>"; };
		DEEDB717297062F700CB20F3 /* LoremPicsumImage.swift */ = {isa = PBXFileReference; fileEncoding = 4; lastKnownFileType = sourcecode.swift; path = LoremPicsumImage.swift; sourceTree = "<group>"; };
		DEEDB718297062F700CB20F3 /* News.swift */ = {isa = PBXFileReference; fileEncoding = 4; lastKnownFileType = sourcecode.swift; path = News.swift; sourceTree = "<group>"; };
		DEEDB7382970707800CB20F3 /* String.swift */ = {isa = PBXFileReference; fileEncoding = 4; lastKnownFileType = sourcecode.swift; path = String.swift; sourceTree = "<group>"; };
		DEEDB7452970708F00CB20F3 /* PaletteServiceImplementation.swift */ = {isa = PBXFileReference; fileEncoding = 4; lastKnownFileType = sourcecode.swift; path = PaletteServiceImplementation.swift; sourceTree = "<group>"; };
		DEEDB7462970708F00CB20F3 /* PaletteService.swift */ = {isa = PBXFileReference; fileEncoding = 4; lastKnownFileType = sourcecode.swift; path = PaletteService.swift; sourceTree = "<group>"; };
		DEEDB7482970708F00CB20F3 /* ImageService.swift */ = {isa = PBXFileReference; fileEncoding = 4; lastKnownFileType = sourcecode.swift; path = ImageService.swift; sourceTree = "<group>"; };
		DEEDB7492970708F00CB20F3 /* ImageServiceImplementation.swift */ = {isa = PBXFileReference; fileEncoding = 4; lastKnownFileType = sourcecode.swift; path = ImageServiceImplementation.swift; sourceTree = "<group>"; };
		DEEDB74B2970708F00CB20F3 /* BookService.swift */ = {isa = PBXFileReference; fileEncoding = 4; lastKnownFileType = sourcecode.swift; path = BookService.swift; sourceTree = "<group>"; };
		DEEDB74C2970708F00CB20F3 /* BookServiceImplementation.swift */ = {isa = PBXFileReference; fileEncoding = 4; lastKnownFileType = sourcecode.swift; path = BookServiceImplementation.swift; sourceTree = "<group>"; };
		DEEDB74E2970708F00CB20F3 /* ScrambleService.swift */ = {isa = PBXFileReference; fileEncoding = 4; lastKnownFileType = sourcecode.swift; path = ScrambleService.swift; sourceTree = "<group>"; };
		DEEDB74F2970708F00CB20F3 /* ScrambleServiceImplementation.swift */ = {isa = PBXFileReference; fileEncoding = 4; lastKnownFileType = sourcecode.swift; path = ScrambleServiceImplementation.swift; sourceTree = "<group>"; };
		DEEDB7512970708F00CB20F3 /* UserService.swift */ = {isa = PBXFileReference; fileEncoding = 4; lastKnownFileType = sourcecode.swift; path = UserService.swift; sourceTree = "<group>"; };
		DEEDB7522970708F00CB20F3 /* UserServiceImplementation.swift */ = {isa = PBXFileReference; fileEncoding = 4; lastKnownFileType = sourcecode.swift; path = UserServiceImplementation.swift; sourceTree = "<group>"; };
		DEEDB7542970708F00CB20F3 /* NewsServiceImplementation.swift */ = {isa = PBXFileReference; fileEncoding = 4; lastKnownFileType = sourcecode.swift; path = NewsServiceImplementation.swift; sourceTree = "<group>"; };
		DEEDB7552970708F00CB20F3 /* NewsService.swift */ = {isa = PBXFileReference; fileEncoding = 4; lastKnownFileType = sourcecode.swift; path = NewsService.swift; sourceTree = "<group>"; };
		DEEDB7572970708F00CB20F3 /* NumberFactService.swift */ = {isa = PBXFileReference; fileEncoding = 4; lastKnownFileType = sourcecode.swift; path = NumberFactService.swift; sourceTree = "<group>"; };
		DEEDB7582970708F00CB20F3 /* NumberFactServiceImplementation.swift */ = {isa = PBXFileReference; fileEncoding = 4; lastKnownFileType = sourcecode.swift; path = NumberFactServiceImplementation.swift; sourceTree = "<group>"; };
		DEEDB7B32970718800CB20F3 /* Unifont.swift */ = {isa = PBXFileReference; fileEncoding = 4; lastKnownFileType = sourcecode.swift; path = Unifont.swift; sourceTree = "<group>"; };
		DEEDB7B52970718800CB20F3 /* CGFloat.swift */ = {isa = PBXFileReference; fileEncoding = 4; lastKnownFileType = sourcecode.swift; path = CGFloat.swift; sourceTree = "<group>"; };
		DEEDB7B62970718800CB20F3 /* Text.swift */ = {isa = PBXFileReference; fileEncoding = 4; lastKnownFileType = sourcecode.swift; path = Text.swift; sourceTree = "<group>"; };
		DEEDB7B72970718800CB20F3 /* Color.swift */ = {isa = PBXFileReference; fileEncoding = 4; lastKnownFileType = sourcecode.swift; path = Color.swift; sourceTree = "<group>"; };
		DEEDB7C32970718800CB20F3 /* BlurView.swift */ = {isa = PBXFileReference; fileEncoding = 4; lastKnownFileType = sourcecode.swift; path = BlurView.swift; sourceTree = "<group>"; };
		DEEDB7C42970718800CB20F3 /* ActivityIndicator.swift */ = {isa = PBXFileReference; fileEncoding = 4; lastKnownFileType = sourcecode.swift; path = ActivityIndicator.swift; sourceTree = "<group>"; };
		DEEDB7C52970718800CB20F3 /* ProgressRingView.swift */ = {isa = PBXFileReference; fileEncoding = 4; lastKnownFileType = sourcecode.swift; path = ProgressRingView.swift; sourceTree = "<group>"; };
		DEEDB7C62970718800CB20F3 /* UIViewRepresented.swift */ = {isa = PBXFileReference; fileEncoding = 4; lastKnownFileType = sourcecode.swift; path = UIViewRepresented.swift; sourceTree = "<group>"; };
/* End PBXFileReference section */

/* Begin PBXFrameworksBuildPhase section */
		DEEDB6FE2970628300CB20F3 /* Frameworks */ = {
			isa = PBXFrameworksBuildPhase;
			buildActionMask = 2147483647;
			files = (
			);
			runOnlyForDeploymentPostprocessing = 0;
		};
/* End PBXFrameworksBuildPhase section */

/* Begin PBXGroup section */
		DEEDB6F82970628200CB20F3 = {
			isa = PBXGroup;
			children = (
				DEEDB7032970628300CB20F3 /* SwiftUITCAUniversity */,
				DEEDB7022970628300CB20F3 /* Products */,
			);
			sourceTree = "<group>";
		};
		DEEDB7022970628300CB20F3 /* Products */ = {
			isa = PBXGroup;
			children = (
				DEEDB7012970628300CB20F3 /* SwiftUITCAUniversity.app */,
			);
			name = Products;
			sourceTree = "<group>";
		};
		DEEDB7032970628300CB20F3 /* SwiftUITCAUniversity */ = {
			isa = PBXGroup;
			children = (
				DEEDB7042970628300CB20F3 /* SwiftUITCAUniversityApp.swift */,
				DEEDB7062970628300CB20F3 /* ContentView.swift */,
				DEEDB80B297071D900CB20F3 /* ApplicationLayer */,
				DEEDB7B12970718800CB20F3 /* PresentationLayer */,
				DEEDB7422970708F00CB20F3 /* BusinessLayer */,
				DEEDB7362970707800CB20F3 /* CoreLayer */,
				DEEDB712297062F700CB20F3 /* Models */,
				DEEDB7082970628400CB20F3 /* Assets.xcassets */,
				DEEDB70A2970628400CB20F3 /* Preview Content */,
			);
			path = SwiftUITCAUniversity;
			sourceTree = "<group>";
		};
		DEEDB70A2970628400CB20F3 /* Preview Content */ = {
			isa = PBXGroup;
			children = (
				DEEDB70B2970628400CB20F3 /* Preview Assets.xcassets */,
			);
			path = "Preview Content";
			sourceTree = "<group>";
		};
		DEEDB712297062F700CB20F3 /* Models */ = {
			isa = PBXGroup;
			children = (
				DEEDB713297062F700CB20F3 /* Plain */,
			);
			name = Models;
			path = ../../SharedFiles/Models;
			sourceTree = "<group>";
		};
		DEEDB713297062F700CB20F3 /* Plain */ = {
			isa = PBXGroup;
			children = (
				DEEDB714297062F700CB20F3 /* Palette.swift */,
				DEEDB715297062F700CB20F3 /* User.swift */,
				DEEDB716297062F700CB20F3 /* Book.swift */,
				DEEDB717297062F700CB20F3 /* LoremPicsumImage.swift */,
				DEEDB718297062F700CB20F3 /* News.swift */,
			);
			path = Plain;
			sourceTree = "<group>";
		};
		DEEDB7362970707800CB20F3 /* CoreLayer */ = {
			isa = PBXGroup;
			children = (
				DEEDB7372970707800CB20F3 /* Extensions */,
			);
			name = CoreLayer;
			path = ../../SharedFiles/CoreLayer;
			sourceTree = "<group>";
		};
		DEEDB7372970707800CB20F3 /* Extensions */ = {
			isa = PBXGroup;
			children = (
				DEEDB7382970707800CB20F3 /* String.swift */,
			);
			path = Extensions;
			sourceTree = "<group>";
		};
		DEEDB7422970708F00CB20F3 /* BusinessLayer */ = {
			isa = PBXGroup;
			children = (
				DEEDB7432970708F00CB20F3 /* Services */,
			);
			name = BusinessLayer;
			path = ../../SharedFiles/BusinessLayer;
			sourceTree = "<group>";
		};
		DEEDB7432970708F00CB20F3 /* Services */ = {
			isa = PBXGroup;
			children = (
				DEEDB7442970708F00CB20F3 /* PaletteService */,
				DEEDB7472970708F00CB20F3 /* ImageService */,
				DEEDB74A2970708F00CB20F3 /* BookService */,
				DEEDB74D2970708F00CB20F3 /* ScrambleService */,
				DEEDB7502970708F00CB20F3 /* UserService */,
				DEEDB7532970708F00CB20F3 /* NewsService */,
				DEEDB7562970708F00CB20F3 /* NumberFactService */,
			);
			path = Services;
			sourceTree = "<group>";
		};
		DEEDB7442970708F00CB20F3 /* PaletteService */ = {
			isa = PBXGroup;
			children = (
				DEEDB7452970708F00CB20F3 /* PaletteServiceImplementation.swift */,
				DEEDB7462970708F00CB20F3 /* PaletteService.swift */,
			);
			path = PaletteService;
			sourceTree = "<group>";
		};
		DEEDB7472970708F00CB20F3 /* ImageService */ = {
			isa = PBXGroup;
			children = (
				DEEDB7482970708F00CB20F3 /* ImageService.swift */,
				DEEDB7492970708F00CB20F3 /* ImageServiceImplementation.swift */,
			);
			path = ImageService;
			sourceTree = "<group>";
		};
		DEEDB74A2970708F00CB20F3 /* BookService */ = {
			isa = PBXGroup;
			children = (
				DEEDB74B2970708F00CB20F3 /* BookService.swift */,
				DEEDB74C2970708F00CB20F3 /* BookServiceImplementation.swift */,
			);
			path = BookService;
			sourceTree = "<group>";
		};
		DEEDB74D2970708F00CB20F3 /* ScrambleService */ = {
			isa = PBXGroup;
			children = (
				DEEDB74E2970708F00CB20F3 /* ScrambleService.swift */,
				DEEDB74F2970708F00CB20F3 /* ScrambleServiceImplementation.swift */,
			);
			path = ScrambleService;
			sourceTree = "<group>";
		};
		DEEDB7502970708F00CB20F3 /* UserService */ = {
			isa = PBXGroup;
			children = (
				DEEDB7512970708F00CB20F3 /* UserService.swift */,
				DEEDB7522970708F00CB20F3 /* UserServiceImplementation.swift */,
			);
			path = UserService;
			sourceTree = "<group>";
		};
		DEEDB7532970708F00CB20F3 /* NewsService */ = {
			isa = PBXGroup;
			children = (
				DEEDB7542970708F00CB20F3 /* NewsServiceImplementation.swift */,
				DEEDB7552970708F00CB20F3 /* NewsService.swift */,
			);
			path = NewsService;
			sourceTree = "<group>";
		};
		DEEDB7562970708F00CB20F3 /* NumberFactService */ = {
			isa = PBXGroup;
			children = (
				DEEDB7572970708F00CB20F3 /* NumberFactService.swift */,
				DEEDB7582970708F00CB20F3 /* NumberFactServiceImplementation.swift */,
			);
			path = NumberFactService;
			sourceTree = "<group>";
		};
		DEEDB7B12970718800CB20F3 /* PresentationLayer */ = {
			isa = PBXGroup;
			children = (
				DEEDB7B22970718800CB20F3 /* Modifiers */,
				DEEDB7B42970718800CB20F3 /* Extensions */,
				DEEDB7B82970718800CB20F3 /* UserStories */,
				DEEDB7C22970718800CB20F3 /* Views */,
			);
			name = PresentationLayer;
			path = ../../SharedFiles/PresentationLayer;
			sourceTree = "<group>";
		};
		DEEDB7B22970718800CB20F3 /* Modifiers */ = {
			isa = PBXGroup;
			children = (
				DEEDB7B32970718800CB20F3 /* Unifont.swift */,
			);
			path = Modifiers;
			sourceTree = "<group>";
		};
		DEEDB7B42970718800CB20F3 /* Extensions */ = {
			isa = PBXGroup;
			children = (
				DEEDB7B52970718800CB20F3 /* CGFloat.swift */,
				DEEDB7B62970718800CB20F3 /* Text.swift */,
				DEEDB7B72970718800CB20F3 /* Color.swift */,
			);
			path = Extensions;
			sourceTree = "<group>";
		};
		DEEDB7B82970718800CB20F3 /* UserStories */ = {
			isa = PBXGroup;
			children = (
				DEEDB7B92970718800CB20F3 /* Advanced */,
				DEEDB7BA2970718800CB20F3 /* Pre-Intermediate */,
				DEEDB7BB2970718800CB20F3 /* Upper-Intermediate */,
				DEEDB7BC2970718800CB20F3 /* Composable */,
				DEEDB7BE2970718800CB20F3 /* Beginner */,
				DEEDB7BF2970718800CB20F3 /* Intermediate */,
				DEEDB7C02970718800CB20F3 /* Main */,
				DEEDB7C12970718800CB20F3 /* Elementary */,
			);
			path = UserStories;
			sourceTree = "<group>";
		};
		DEEDB7B92970718800CB20F3 /* Advanced */ = {
			isa = PBXGroup;
			children = (
			);
			path = Advanced;
			sourceTree = "<group>";
		};
		DEEDB7BA2970718800CB20F3 /* Pre-Intermediate */ = {
			isa = PBXGroup;
			children = (
			);
			path = "Pre-Intermediate";
			sourceTree = "<group>";
		};
		DEEDB7BB2970718800CB20F3 /* Upper-Intermediate */ = {
			isa = PBXGroup;
			children = (
			);
			path = "Upper-Intermediate";
			sourceTree = "<group>";
		};
		DEEDB7BC2970718800CB20F3 /* Composable */ = {
			isa = PBXGroup;
			children = (
				DEEDB7BD2970718800CB20F3 /* Reducers */,
			);
			path = Composable;
			sourceTree = "<group>";
		};
		DEEDB7BD2970718800CB20F3 /* Reducers */ = {
			isa = PBXGroup;
			children = (
			);
			path = Reducers;
			sourceTree = "<group>";
		};
		DEEDB7BE2970718800CB20F3 /* Beginner */ = {
			isa = PBXGroup;
			children = (
			);
			path = Beginner;
			sourceTree = "<group>";
		};
		DEEDB7BF2970718800CB20F3 /* Intermediate */ = {
			isa = PBXGroup;
			children = (
			);
			path = Intermediate;
			sourceTree = "<group>";
		};
		DEEDB7C02970718800CB20F3 /* Main */ = {
			isa = PBXGroup;
			children = (
			);
			path = Main;
			sourceTree = "<group>";
		};
		DEEDB7C12970718800CB20F3 /* Elementary */ = {
			isa = PBXGroup;
			children = (
			);
			path = Elementary;
			sourceTree = "<group>";
		};
		DEEDB7C22970718800CB20F3 /* Views */ = {
			isa = PBXGroup;
			children = (
				DEEDB7C32970718800CB20F3 /* BlurView.swift */,
				DEEDB7C42970718800CB20F3 /* ActivityIndicator.swift */,
				DEEDB7C52970718800CB20F3 /* ProgressRingView.swift */,
				DEEDB7C62970718800CB20F3 /* UIViewRepresented.swift */,
			);
			path = Views;
			sourceTree = "<group>";
		};
		DEEDB80B297071D900CB20F3 /* ApplicationLayer */ = {
			isa = PBXGroup;
			children = (
			);
			name = ApplicationLayer;
			path = ../../SharedFiles/ApplicationLayer;
			sourceTree = "<group>";
		};
/* End PBXGroup section */

/* Begin PBXNativeTarget section */
		DEEDB7002970628300CB20F3 /* SwiftUITCAUniversity */ = {
			isa = PBXNativeTarget;
			buildConfigurationList = DEEDB70F2970628400CB20F3 /* Build configuration list for PBXNativeTarget "SwiftUITCAUniversity" */;
			buildPhases = (
				DEEDB6FD2970628300CB20F3 /* Sources */,
				DEEDB6FE2970628300CB20F3 /* Frameworks */,
				DEEDB6FF2970628300CB20F3 /* Resources */,
			);
			buildRules = (
			);
			dependencies = (
			);
			name = SwiftUITCAUniversity;
			productName = SwiftUITCAUniversity;
			productReference = DEEDB7012970628300CB20F3 /* SwiftUITCAUniversity.app */;
			productType = "com.apple.product-type.application";
		};
/* End PBXNativeTarget section */

/* Begin PBXProject section */
		DEEDB6F92970628200CB20F3 /* Project object */ = {
			isa = PBXProject;
			attributes = {
				BuildIndependentTargetsInParallel = 1;
				LastSwiftUpdateCheck = 1400;
				LastUpgradeCheck = 1400;
				TargetAttributes = {
					DEEDB7002970628300CB20F3 = {
						CreatedOnToolsVersion = 14.0.1;
					};
				};
			};
			buildConfigurationList = DEEDB6FC2970628200CB20F3 /* Build configuration list for PBXProject "SwiftUITCAUniversity" */;
			compatibilityVersion = "Xcode 14.0";
			developmentRegion = en;
			hasScannedForEncodings = 0;
			knownRegions = (
				en,
				Base,
			);
			mainGroup = DEEDB6F82970628200CB20F3;
			productRefGroup = DEEDB7022970628300CB20F3 /* Products */;
			projectDirPath = "";
			projectRoot = "";
			targets = (
				DEEDB7002970628300CB20F3 /* SwiftUITCAUniversity */,
			);
		};
/* End PBXProject section */

/* Begin PBXResourcesBuildPhase section */
		DEEDB6FF2970628300CB20F3 /* Resources */ = {
			isa = PBXResourcesBuildPhase;
			buildActionMask = 2147483647;
			files = (
				DEEDB70C2970628400CB20F3 /* Preview Assets.xcassets in Resources */,
				DEEDB7092970628400CB20F3 /* Assets.xcassets in Resources */,
			);
			runOnlyForDeploymentPostprocessing = 0;
		};
/* End PBXResourcesBuildPhase section */

/* Begin PBXSourcesBuildPhase section */
		DEEDB6FD2970628300CB20F3 /* Sources */ = {
			isa = PBXSourcesBuildPhase;
			buildActionMask = 2147483647;
			files = (
				DEEDB7C82970718800CB20F3 /* CGFloat.swift in Sources */,
				DEEDB71A297062F700CB20F3 /* User.swift in Sources */,
				DEEDB7632970708F00CB20F3 /* NewsServiceImplementation.swift in Sources */,
				DEEDB75F2970708F00CB20F3 /* ScrambleService.swift in Sources */,
				DEEDB7CC2970718800CB20F3 /* ActivityIndicator.swift in Sources */,
				DEEDB75A2970708F00CB20F3 /* PaletteService.swift in Sources */,
				DEEDB7CB2970718800CB20F3 /* BlurView.swift in Sources */,
				DEEDB75C2970708F00CB20F3 /* ImageServiceImplementation.swift in Sources */,
				DEEDB7CE2970718800CB20F3 /* UIViewRepresented.swift in Sources */,
				DEEDB7C92970718800CB20F3 /* Text.swift in Sources */,
				DEEDB7622970708F00CB20F3 /* UserServiceImplementation.swift in Sources */,
				DEEDB75D2970708F00CB20F3 /* BookService.swift in Sources */,
				DEEDB719297062F700CB20F3 /* Palette.swift in Sources */,
				DEEDB7612970708F00CB20F3 /* UserService.swift in Sources */,
				DEEDB7072970628300CB20F3 /* ContentView.swift in Sources */,
				DEEDB7642970708F00CB20F3 /* NewsService.swift in Sources */,
				DEEDB75E2970708F00CB20F3 /* BookServiceImplementation.swift in Sources */,
				DEEDB7592970708F00CB20F3 /* PaletteServiceImplementation.swift in Sources */,
				DEEDB71B297062F700CB20F3 /* Book.swift in Sources */,
				DEEDB7652970708F00CB20F3 /* NumberFactService.swift in Sources */,
				DEEDB7CA2970718800CB20F3 /* Color.swift in Sources */,
				DEEDB7CD2970718800CB20F3 /* ProgressRingView.swift in Sources */,
				DEEDB71D297062F700CB20F3 /* News.swift in Sources */,
				DEEDB7C72970718800CB20F3 /* Unifont.swift in Sources */,
				DEEDB71C297062F700CB20F3 /* LoremPicsumImage.swift in Sources */,
				DEEDB75B2970708F00CB20F3 /* ImageService.swift in Sources */,
				DEEDB7662970708F00CB20F3 /* NumberFactServiceImplementation.swift in Sources */,
				DEEDB7392970707800CB20F3 /* String.swift in Sources */,
				DEEDB7602970708F00CB20F3 /* ScrambleServiceImplementation.swift in Sources */,
				DEEDB7052970628300CB20F3 /* SwiftUITCAUniversityApp.swift in Sources */,
			);
			runOnlyForDeploymentPostprocessing = 0;
		};
/* End PBXSourcesBuildPhase section */

/* Begin XCBuildConfiguration section */
		DEEDB70D2970628400CB20F3 /* Debug */ = {
			isa = XCBuildConfiguration;
			buildSettings = {
				ALWAYS_SEARCH_USER_PATHS = NO;
				CLANG_ANALYZER_NONNULL = YES;
				CLANG_ANALYZER_NUMBER_OBJECT_CONVERSION = YES_AGGRESSIVE;
				CLANG_CXX_LANGUAGE_STANDARD = "gnu++20";
				CLANG_ENABLE_MODULES = YES;
				CLANG_ENABLE_OBJC_ARC = YES;
				CLANG_ENABLE_OBJC_WEAK = YES;
				CLANG_WARN_BLOCK_CAPTURE_AUTORELEASING = YES;
				CLANG_WARN_BOOL_CONVERSION = YES;
				CLANG_WARN_COMMA = YES;
				CLANG_WARN_CONSTANT_CONVERSION = YES;
				CLANG_WARN_DEPRECATED_OBJC_IMPLEMENTATIONS = YES;
				CLANG_WARN_DIRECT_OBJC_ISA_USAGE = YES_ERROR;
				CLANG_WARN_DOCUMENTATION_COMMENTS = YES;
				CLANG_WARN_EMPTY_BODY = YES;
				CLANG_WARN_ENUM_CONVERSION = YES;
				CLANG_WARN_INFINITE_RECURSION = YES;
				CLANG_WARN_INT_CONVERSION = YES;
				CLANG_WARN_NON_LITERAL_NULL_CONVERSION = YES;
				CLANG_WARN_OBJC_IMPLICIT_RETAIN_SELF = YES;
				CLANG_WARN_OBJC_LITERAL_CONVERSION = YES;
				CLANG_WARN_OBJC_ROOT_CLASS = YES_ERROR;
				CLANG_WARN_QUOTED_INCLUDE_IN_FRAMEWORK_HEADER = YES;
				CLANG_WARN_RANGE_LOOP_ANALYSIS = YES;
				CLANG_WARN_STRICT_PROTOTYPES = YES;
				CLANG_WARN_SUSPICIOUS_MOVE = YES;
				CLANG_WARN_UNGUARDED_AVAILABILITY = YES_AGGRESSIVE;
				CLANG_WARN_UNREACHABLE_CODE = YES;
				CLANG_WARN__DUPLICATE_METHOD_MATCH = YES;
				COPY_PHASE_STRIP = NO;
				DEBUG_INFORMATION_FORMAT = dwarf;
				ENABLE_STRICT_OBJC_MSGSEND = YES;
				ENABLE_TESTABILITY = YES;
				GCC_C_LANGUAGE_STANDARD = gnu11;
				GCC_DYNAMIC_NO_PIC = NO;
				GCC_NO_COMMON_BLOCKS = YES;
				GCC_OPTIMIZATION_LEVEL = 0;
				GCC_PREPROCESSOR_DEFINITIONS = (
					"DEBUG=1",
					"$(inherited)",
				);
				GCC_WARN_64_TO_32_BIT_CONVERSION = YES;
				GCC_WARN_ABOUT_RETURN_TYPE = YES_ERROR;
				GCC_WARN_UNDECLARED_SELECTOR = YES;
				GCC_WARN_UNINITIALIZED_AUTOS = YES_AGGRESSIVE;
				GCC_WARN_UNUSED_FUNCTION = YES;
				GCC_WARN_UNUSED_VARIABLE = YES;
				IPHONEOS_DEPLOYMENT_TARGET = 16.0;
				MTL_ENABLE_DEBUG_INFO = INCLUDE_SOURCE;
				MTL_FAST_MATH = YES;
				ONLY_ACTIVE_ARCH = YES;
				SDKROOT = iphoneos;
				SWIFT_ACTIVE_COMPILATION_CONDITIONS = DEBUG;
				SWIFT_OPTIMIZATION_LEVEL = "-Onone";
			};
			name = Debug;
		};
		DEEDB70E2970628400CB20F3 /* Release */ = {
			isa = XCBuildConfiguration;
			buildSettings = {
				ALWAYS_SEARCH_USER_PATHS = NO;
				CLANG_ANALYZER_NONNULL = YES;
				CLANG_ANALYZER_NUMBER_OBJECT_CONVERSION = YES_AGGRESSIVE;
				CLANG_CXX_LANGUAGE_STANDARD = "gnu++20";
				CLANG_ENABLE_MODULES = YES;
				CLANG_ENABLE_OBJC_ARC = YES;
				CLANG_ENABLE_OBJC_WEAK = YES;
				CLANG_WARN_BLOCK_CAPTURE_AUTORELEASING = YES;
				CLANG_WARN_BOOL_CONVERSION = YES;
				CLANG_WARN_COMMA = YES;
				CLANG_WARN_CONSTANT_CONVERSION = YES;
				CLANG_WARN_DEPRECATED_OBJC_IMPLEMENTATIONS = YES;
				CLANG_WARN_DIRECT_OBJC_ISA_USAGE = YES_ERROR;
				CLANG_WARN_DOCUMENTATION_COMMENTS = YES;
				CLANG_WARN_EMPTY_BODY = YES;
				CLANG_WARN_ENUM_CONVERSION = YES;
				CLANG_WARN_INFINITE_RECURSION = YES;
				CLANG_WARN_INT_CONVERSION = YES;
				CLANG_WARN_NON_LITERAL_NULL_CONVERSION = YES;
				CLANG_WARN_OBJC_IMPLICIT_RETAIN_SELF = YES;
				CLANG_WARN_OBJC_LITERAL_CONVERSION = YES;
				CLANG_WARN_OBJC_ROOT_CLASS = YES_ERROR;
				CLANG_WARN_QUOTED_INCLUDE_IN_FRAMEWORK_HEADER = YES;
				CLANG_WARN_RANGE_LOOP_ANALYSIS = YES;
				CLANG_WARN_STRICT_PROTOTYPES = YES;
				CLANG_WARN_SUSPICIOUS_MOVE = YES;
				CLANG_WARN_UNGUARDED_AVAILABILITY = YES_AGGRESSIVE;
				CLANG_WARN_UNREACHABLE_CODE = YES;
				CLANG_WARN__DUPLICATE_METHOD_MATCH = YES;
				COPY_PHASE_STRIP = NO;
				DEBUG_INFORMATION_FORMAT = "dwarf-with-dsym";
				ENABLE_NS_ASSERTIONS = NO;
				ENABLE_STRICT_OBJC_MSGSEND = YES;
				GCC_C_LANGUAGE_STANDARD = gnu11;
				GCC_NO_COMMON_BLOCKS = YES;
				GCC_WARN_64_TO_32_BIT_CONVERSION = YES;
				GCC_WARN_ABOUT_RETURN_TYPE = YES_ERROR;
				GCC_WARN_UNDECLARED_SELECTOR = YES;
				GCC_WARN_UNINITIALIZED_AUTOS = YES_AGGRESSIVE;
				GCC_WARN_UNUSED_FUNCTION = YES;
				GCC_WARN_UNUSED_VARIABLE = YES;
				IPHONEOS_DEPLOYMENT_TARGET = 16.0;
				MTL_ENABLE_DEBUG_INFO = NO;
				MTL_FAST_MATH = YES;
				SDKROOT = iphoneos;
				SWIFT_COMPILATION_MODE = wholemodule;
				SWIFT_OPTIMIZATION_LEVEL = "-O";
				VALIDATE_PRODUCT = YES;
			};
			name = Release;
		};
		DEEDB7102970628400CB20F3 /* Debug */ = {
			isa = XCBuildConfiguration;
			buildSettings = {
				ASSETCATALOG_COMPILER_APPICON_NAME = AppIcon;
				ASSETCATALOG_COMPILER_GLOBAL_ACCENT_COLOR_NAME = AccentColor;
				CODE_SIGN_STYLE = Automatic;
				CURRENT_PROJECT_VERSION = 1;
				DEVELOPMENT_ASSET_PATHS = "\"SwiftUITCAUniversity/Preview Content\"";
				DEVELOPMENT_TEAM = PM34MLKL7J;
				ENABLE_PREVIEWS = YES;
				GENERATE_INFOPLIST_FILE = YES;
				INFOPLIST_KEY_UIApplicationSceneManifest_Generation = YES;
				INFOPLIST_KEY_UIApplicationSupportsIndirectInputEvents = YES;
				INFOPLIST_KEY_UILaunchScreen_Generation = YES;
				INFOPLIST_KEY_UISupportedInterfaceOrientations_iPad = "UIInterfaceOrientationPortrait UIInterfaceOrientationPortraitUpsideDown UIInterfaceOrientationLandscapeLeft UIInterfaceOrientationLandscapeRight";
				INFOPLIST_KEY_UISupportedInterfaceOrientations_iPhone = "UIInterfaceOrientationPortrait UIInterfaceOrientationLandscapeLeft UIInterfaceOrientationLandscapeRight";
				LD_RUNPATH_SEARCH_PATHS = (
					"$(inherited)",
					"@executable_path/Frameworks",
				);
				MARKETING_VERSION = 1.0;
				PRODUCT_BUNDLE_IDENTIFIER = "com.incetro.swiftui-tca-university.SwiftUITCAUniversity";
				PRODUCT_NAME = "$(TARGET_NAME)";
				SWIFT_EMIT_LOC_STRINGS = YES;
				SWIFT_VERSION = 5.0;
				TARGETED_DEVICE_FAMILY = "1,2";
			};
			name = Debug;
		};
		DEEDB7112970628400CB20F3 /* Release */ = {
			isa = XCBuildConfiguration;
			buildSettings = {
				ASSETCATALOG_COMPILER_APPICON_NAME = AppIcon;
				ASSETCATALOG_COMPILER_GLOBAL_ACCENT_COLOR_NAME = AccentColor;
				CODE_SIGN_STYLE = Automatic;
				CURRENT_PROJECT_VERSION = 1;
				DEVELOPMENT_ASSET_PATHS = "\"SwiftUITCAUniversity/Preview Content\"";
				DEVELOPMENT_TEAM = PM34MLKL7J;
				ENABLE_PREVIEWS = YES;
				GENERATE_INFOPLIST_FILE = YES;
				INFOPLIST_KEY_UIApplicationSceneManifest_Generation = YES;
				INFOPLIST_KEY_UIApplicationSupportsIndirectInputEvents = YES;
				INFOPLIST_KEY_UILaunchScreen_Generation = YES;
				INFOPLIST_KEY_UISupportedInterfaceOrientations_iPad = "UIInterfaceOrientationPortrait UIInterfaceOrientationPortraitUpsideDown UIInterfaceOrientationLandscapeLeft UIInterfaceOrientationLandscapeRight";
				INFOPLIST_KEY_UISupportedInterfaceOrientations_iPhone = "UIInterfaceOrientationPortrait UIInterfaceOrientationLandscapeLeft UIInterfaceOrientationLandscapeRight";
				LD_RUNPATH_SEARCH_PATHS = (
					"$(inherited)",
					"@executable_path/Frameworks",
				);
				MARKETING_VERSION = 1.0;
				PRODUCT_BUNDLE_IDENTIFIER = "com.incetro.swiftui-tca-university.SwiftUITCAUniversity";
				PRODUCT_NAME = "$(TARGET_NAME)";
				SWIFT_EMIT_LOC_STRINGS = YES;
				SWIFT_VERSION = 5.0;
				TARGETED_DEVICE_FAMILY = "1,2";
			};
			name = Release;
		};
/* End XCBuildConfiguration section */

/* Begin XCConfigurationList section */
		DEEDB6FC2970628200CB20F3 /* Build configuration list for PBXProject "SwiftUITCAUniversity" */ = {
			isa = XCConfigurationList;
			buildConfigurations = (
				DEEDB70D2970628400CB20F3 /* Debug */,
				DEEDB70E2970628400CB20F3 /* Release */,
			);
			defaultConfigurationIsVisible = 0;
			defaultConfigurationName = Release;
		};
		DEEDB70F2970628400CB20F3 /* Build configuration list for PBXNativeTarget "SwiftUITCAUniversity" */ = {
			isa = XCConfigurationList;
			buildConfigurations = (
				DEEDB7102970628400CB20F3 /* Debug */,
				DEEDB7112970628400CB20F3 /* Release */,
			);
			defaultConfigurationIsVisible = 0;
			defaultConfigurationName = Release;
		};
/* End XCConfigurationList section */
	};
	rootObject = DEEDB6F92970628200CB20F3 /* Project object */;
}
